github.com/yuchiki/yuchikiStackMachine v0.0.0-20210104140522-1c867e381e4d h1:WiV7s/+0msU6B1bEm2amYKhF4NE6hqn/qOvaHQxup8w=
github.com/yuchiki/yuchikiStackmachine v0.0.0-20210104140522-1c867e381e4d h1:ZZ8gaSkfJHgdhlYHp0FdN6+fcY5WBBudu4K2/ExTsQA=
github.com/yuchiki/yuchikistackmachine v0.0.0-20210104140522-1c867e381e4d h1:cw4SN3dB3tGJWYKeeS/RHuYJHV+QrtP+PKtgRBTPCfs=
